version = 1
revision = 2
requires-python = ">=3.13"

[[package]]
name = "gitdb"
version = "4.0.12"
source = { registry = "https://pypi.org/simple" }
dependencies = [
    { name = "smmap" },
]
sdist = { url = "https://files.pythonhosted.org/packages/72/94/63b0fc47eb32792c7ba1fe1b694daec9a63620db1e313033d18140c2320a/gitdb-4.0.12.tar.gz", hash = "sha256:5ef71f855d191a3326fcfbc0d5da835f26b13fbcba60c32c21091c349ffdb571", size = 394684, upload-time = "2025-01-02T07:20:46.413Z" }
wheels = [
    { url = "https://files.pythonhosted.org/packages/a0/61/5c78b91c3143ed5c14207f463aecfc8f9dbb5092fb2869baf37c273b2705/gitdb-4.0.12-py3-none-any.whl", hash = "sha256:67073e15955400952c6565cc3e707c554a4eea2e428946f7a4c162fab9bd9bcf", size = 62794, upload-time = "2025-01-02T07:20:43.624Z" },
]

[[package]]
name = "gitpython"
version = "3.1.44"
source = { registry = "https://pypi.org/simple" }
dependencies = [
    { name = "gitdb" },
]
sdist = { url = "https://files.pythonhosted.org/packages/c0/89/37df0b71473153574a5cdef8f242de422a0f5d26d7a9e231e6f169b4ad14/gitpython-3.1.44.tar.gz", hash = "sha256:c87e30b26253bf5418b01b0660f818967f3c503193838337fe5e573331249269", size = 214196, upload-time = "2025-01-02T07:32:43.59Z" }
wheels = [
    { url = "https://files.pythonhosted.org/packages/1d/9a/4114a9057db2f1462d5c8f8390ab7383925fe1ac012eaa42402ad65c2963/GitPython-3.1.44-py3-none-any.whl", hash = "sha256:9e0e10cda9bed1ee64bc9a6de50e7e38a9c9943241cd7f585f6df3ed28011110", size = 207599, upload-time = "2025-01-02T07:32:40.731Z" },
]

[[package]]
name = "smmap"
version = "5.0.2"
source = { registry = "https://pypi.org/simple" }
sdist = { url = "https://files.pythonhosted.org/packages/44/cd/a040c4b3119bbe532e5b0732286f805445375489fceaec1f48306068ee3b/smmap-5.0.2.tar.gz", hash = "sha256:26ea65a03958fa0c8a1c7e8c7a58fdc77221b8910f6be2131affade476898ad5", size = 22329, upload-time = "2025-01-02T07:14:40.909Z" }
wheels = [
    { url = "https://files.pythonhosted.org/packages/04/be/d09147ad1ec7934636ad912901c5fd7667e1c858e19d355237db0d0cd5e4/smmap-5.0.2-py3-none-any.whl", hash = "sha256:b30115f0def7d7531d22a0fb6502488d879e75b260a9db4d0819cfb25403af5e", size = 24303, upload-time = "2025-01-02T07:14:38.724Z" },
]

[[package]]
name = "tree-sitter"
version = "0.24.0"
source = { registry = "https://pypi.org/simple" }
sdist = { url = "https://files.pythonhosted.org/packages/a7/a2/698b9d31d08ad5558f8bfbfe3a0781bd4b1f284e89bde3ad18e05101a892/tree-sitter-0.24.0.tar.gz", hash = "sha256:abd95af65ca2f4f7eca356343391ed669e764f37748b5352946f00f7fc78e734", size = 168304, upload-time = "2025-01-17T05:06:38.115Z" }
wheels = [
    { url = "https://files.pythonhosted.org/packages/61/cd/2348339c85803330ce38cee1c6cbbfa78a656b34ff58606ebaf5c9e83bd0/tree_sitter-0.24.0-cp313-cp313-macosx_10_13_x86_64.whl", hash = "sha256:0d4a6416ed421c4210f0ca405a4834d5ccfbb8ad6692d4d74f7773ef68f92071", size = 140781, upload-time = "2025-01-17T05:06:22.82Z" },
    { url = "https://files.pythonhosted.org/packages/8b/a3/1ea9d8b64e8dcfcc0051028a9c84a630301290995cd6e947bf88267ef7b1/tree_sitter-0.24.0-cp313-cp313-macosx_11_0_arm64.whl", hash = "sha256:e0992d483677e71d5c5d37f30dfb2e3afec2f932a9c53eec4fca13869b788c6c", size = 133928, upload-time = "2025-01-17T05:06:25.146Z" },
    { url = "https://files.pythonhosted.org/packages/fe/ae/55c1055609c9428a4aedf4b164400ab9adb0b1bf1538b51f4b3748a6c983/tree_sitter-0.24.0-cp313-cp313-manylinux_2_17_aarch64.manylinux2014_aarch64.whl", hash = "sha256:57277a12fbcefb1c8b206186068d456c600dbfbc3fd6c76968ee22614c5cd5ad", size = 564497, upload-time = "2025-01-17T05:06:27.53Z" },
    { url = "https://files.pythonhosted.org/packages/ce/d0/f2ffcd04882c5aa28d205a787353130cbf84b2b8a977fd211bdc3b399ae3/tree_sitter-0.24.0-cp313-cp313-manylinux_2_17_x86_64.manylinux2014_x86_64.whl", hash = "sha256:d25fa22766d63f73716c6fec1a31ee5cf904aa429484256bd5fdf5259051ed74", size = 578917, upload-time = "2025-01-17T05:06:31.057Z" },
    { url = "https://files.pythonhosted.org/packages/af/82/aebe78ea23a2b3a79324993d4915f3093ad1af43d7c2208ee90be9273273/tree_sitter-0.24.0-cp313-cp313-musllinux_1_2_x86_64.whl", hash = "sha256:7d5d9537507e1c8c5fa9935b34f320bfec4114d675e028f3ad94f11cf9db37b9", size = 581148, upload-time = "2025-01-17T05:06:32.409Z" },
    { url = "https://files.pythonhosted.org/packages/a1/b4/6b0291a590c2b0417cfdb64ccb8ea242f270a46ed429c641fbc2bfab77e0/tree_sitter-0.24.0-cp313-cp313-win_amd64.whl", hash = "sha256:f58bb4956917715ec4d5a28681829a8dad5c342cafd4aea269f9132a83ca9b34", size = 120207, upload-time = "2025-01-17T05:06:34.841Z" },
    { url = "https://files.pythonhosted.org/packages/a8/18/542fd844b75272630229c9939b03f7db232c71a9d82aadc59c596319ea6a/tree_sitter-0.24.0-cp313-cp313-win_arm64.whl", hash = "sha256:23641bd25dcd4bb0b6fa91b8fb3f46cc9f1c9f475efe4d536d3f1f688d1b84c8", size = 108232, upload-time = "2025-01-17T05:06:35.831Z" },
]

[[package]]
name = "tree-sitter-c-sharp"
version = "0.23.1"
source = { registry = "https://pypi.org/simple" }
sdist = { url = "https://files.pythonhosted.org/packages/22/85/a61c782afbb706a47d990eaee6977e7c2bd013771c5bf5c81c617684f286/tree_sitter_c_sharp-0.23.1.tar.gz", hash = "sha256:322e2cfd3a547a840375276b2aea3335fa6458aeac082f6c60fec3f745c967eb", size = 1317728, upload-time = "2024-11-11T05:25:32.535Z" }
wheels = [
    { url = "https://files.pythonhosted.org/packages/58/04/f6c2df4c53a588ccd88d50851155945cff8cd887bd70c175e00aaade7edf/tree_sitter_c_sharp-0.23.1-cp39-abi3-macosx_10_9_x86_64.whl", hash = "sha256:2b612a6e5bd17bb7fa2aab4bb6fc1fba45c94f09cb034ab332e45603b86e32fd", size = 372235, upload-time = "2024-11-11T05:25:19.424Z" },
    { url = "https://files.pythonhosted.org/packages/99/10/1aa9486f1e28fc22810fa92cbdc54e1051e7f5536a5e5b5e9695f609b31e/tree_sitter_c_sharp-0.23.1-cp39-abi3-macosx_11_0_arm64.whl", hash = "sha256:1a8b98f62bc53efcd4d971151950c9b9cd5cbe3bacdb0cd69fdccac63350d83e", size = 419046, upload-time = "2024-11-11T05:25:20.679Z" },
    { url = "https://files.pythonhosted.org/packages/0f/21/13df29f8fcb9ba9f209b7b413a4764b673dfd58989a0dd67e9c7e19e9c2e/tree_sitter_c_sharp-0.23.1-cp39-abi3-manylinux_2_17_aarch64.manylinux2014_aarch64.whl", hash = "sha256:986e93d845a438ec3c4416401aa98e6a6f6631d644bbbc2e43fcb915c51d255d", size = 415999, upload-time = "2024-11-11T05:25:22.359Z" },
    { url = "https://files.pythonhosted.org/packages/ca/72/fc6846795bcdae2f8aa94cc8b1d1af33d634e08be63e294ff0d6794b1efc/tree_sitter_c_sharp-0.23.1-cp39-abi3-manylinux_2_5_x86_64.manylinux1_x86_64.manylinux_2_17_x86_64.manylinux2014_x86_64.whl", hash = "sha256:a8024e466b2f5611c6dc90321f232d8584893c7fb88b75e4a831992f877616d2", size = 402830, upload-time = "2024-11-11T05:25:24.198Z" },
    { url = "https://files.pythonhosted.org/packages/fe/3a/b6028c5890ce6653807d5fa88c72232c027c6ceb480dbeb3b186d60e5971/tree_sitter_c_sharp-0.23.1-cp39-abi3-musllinux_1_2_x86_64.whl", hash = "sha256:7f9bf876866835492281d336b9e1f9626ab668737f74e914c31d285261507da7", size = 397880, upload-time = "2024-11-11T05:25:25.937Z" },
    { url = "https://files.pythonhosted.org/packages/47/d2/4facaa34b40f8104d8751746d0e1cd2ddf0beb9f1404b736b97f372bd1f3/tree_sitter_c_sharp-0.23.1-cp39-abi3-win_amd64.whl", hash = "sha256:ae9a9e859e8f44e2b07578d44f9a220d3fa25b688966708af6aa55d42abeebb3", size = 377562, upload-time = "2024-11-11T05:25:27.539Z" },
    { url = "https://files.pythonhosted.org/packages/d8/88/3cf6bd9959d94d1fec1e6a9c530c5f08ff4115a474f62aedb5fedb0f7241/tree_sitter_c_sharp-0.23.1-cp39-abi3-win_arm64.whl", hash = "sha256:c81548347a93347be4f48cb63ec7d60ef4b0efa91313330e69641e49aa5a08c5", size = 375157, upload-time = "2024-11-11T05:25:30.839Z" },
]

[[package]]
name = "tree-sitter-embedded-template"
version = "0.23.2"
source = { registry = "https://pypi.org/simple" }
sdist = { url = "https://files.pythonhosted.org/packages/28/d6/5a58ea2f0480f5ed188b733114a8c275532a2fd1568b3898793b13d28af5/tree_sitter_embedded_template-0.23.2.tar.gz", hash = "sha256:7b24dcf2e92497f54323e617564d36866230a8bfb719dbb7b45b461510dcddaa", size = 8471, upload-time = "2024-11-11T06:54:05.5Z" }
wheels = [
    { url = "https://files.pythonhosted.org/packages/ef/c1/be0c48ed9609b720e74ade86f24ea086e353fe9c7405ee9630c3d52d09a2/tree_sitter_embedded_template-0.23.2-cp39-abi3-macosx_10_9_x86_64.whl", hash = "sha256:a505c2d2494464029d79db541cab52f6da5fb326bf3d355e69bf98b84eb89ae0", size = 9554, upload-time = "2024-11-11T06:53:58Z" },
    { url = "https://files.pythonhosted.org/packages/6d/a5/7c12f5d302525ee36d1eafc28a68e4454da5bad208436d547326bee4ed76/tree_sitter_embedded_template-0.23.2-cp39-abi3-macosx_11_0_arm64.whl", hash = "sha256:28028b93b42cc3753261ae7ce066675d407f59de512417524f9c3ab7792b1d37", size = 10051, upload-time = "2024-11-11T06:53:59.346Z" },
    { url = "https://files.pythonhosted.org/packages/cd/87/95aaba8b64b849200bd7d4ae510cc394ecaef46a031499cbff301766970d/tree_sitter_embedded_template-0.23.2-cp39-abi3-manylinux_2_17_aarch64.manylinux2014_aarch64.whl", hash = "sha256:ec399d59ce93ffb60759a2d96053eed529f3c3f6a27128f261710d0d0de60e10", size = 17532, upload-time = "2024-11-11T06:54:00.053Z" },
    { url = "https://files.pythonhosted.org/packages/13/f8/8c837b898f00b35f9f3f76a4abc525e80866a69343083c9ff329e17ecb03/tree_sitter_embedded_template-0.23.2-cp39-abi3-manylinux_2_5_x86_64.manylinux1_x86_64.manylinux_2_17_x86_64.manylinux2014_x86_64.whl", hash = "sha256:bcfa01f62b88d50dbcb736cc23baec8ddbfe08daacfdc613eee8c04ab65efd09", size = 17394, upload-time = "2024-11-11T06:54:00.841Z" },
    { url = "https://files.pythonhosted.org/packages/89/9b/893adf9e465d2d7f14870871bf2f3b30045e5ac417cb596f667a72eda493/tree_sitter_embedded_template-0.23.2-cp39-abi3-musllinux_1_2_x86_64.whl", hash = "sha256:6debd24791466f887109a433c31aa4a5deeba2b217817521c745a4e748a944ed", size = 16439, upload-time = "2024-11-11T06:54:02.214Z" },
    { url = "https://files.pythonhosted.org/packages/40/96/e79934572723673db9f867000500c6eea61a37705e02c7aee9ee031bbb6f/tree_sitter_embedded_template-0.23.2-cp39-abi3-win_amd64.whl", hash = "sha256:158fecb38be5b15db0190ef7238e5248f24bf32ae3cab93bc1197e293a5641eb", size = 12572, upload-time = "2024-11-11T06:54:03.481Z" },
    { url = "https://files.pythonhosted.org/packages/63/06/27f678b9874e4e2e39ddc6f5cce3374c8c60e6046ea8588a491ab6fc9fcb/tree_sitter_embedded_template-0.23.2-cp39-abi3-win_arm64.whl", hash = "sha256:9f1f3b79fe273f3d15a5b64c85fc6ebfb48decfbe8542accd05f5b7694860df0", size = 11232, upload-time = "2024-11-11T06:54:04.799Z" },
]

[[package]]
name = "tree-sitter-language-pack"
version = "0.8.0"
source = { registry = "https://pypi.org/simple" }
dependencies = [
    { name = "tree-sitter" },
    { name = "tree-sitter-c-sharp" },
    { name = "tree-sitter-embedded-template" },
    { name = "tree-sitter-yaml" },
]
sdist = { url = "https://files.pythonhosted.org/packages/93/b7/1272925d5cccd0c7a79df85fdc1a728a9cd9536adca10c473a86ea6a1022/tree_sitter_language_pack-0.8.0.tar.gz", hash = "sha256:49aafe322eb59ef4d4457577210fb20c18c5535b1a42b8e753aa699ed3bf9eed", size = 43693098, upload-time = "2025-06-08T13:19:05.653Z" }
wheels = [
    { url = "https://files.pythonhosted.org/packages/2e/44/f7d3c4c5e075de1b3ad9e7d006f2057d65d39d5a573d6ee72b1a7f3f6cd1/tree_sitter_language_pack-0.8.0-cp39-abi3-macosx_10_13_universal2.whl", hash = "sha256:7ab5dd0e4383bd0c845c153f65da62df035591fc79759a5f6efd5b27aaa551c5", size = 28609869, upload-time = "2025-06-08T13:18:54.966Z" },
    { url = "https://files.pythonhosted.org/packages/bf/24/86f32fae7eaaf829cfd0013f8173fb0f3e75f6e0a8bc58bd165c821e17de/tree_sitter_language_pack-0.8.0-cp39-abi3-manylinux2014_aarch64.whl", hash = "sha256:1757c04af8350ffdfd5509951fb7874dc1947604d6d9f16a2f88a0cd4fcc54cb", size = 17871704, upload-time = "2025-06-08T13:18:58.17Z" },
    { url = "https://files.pythonhosted.org/packages/00/7d/9356ecb8d5fcc16e39154821226d0dc3662393b9f46326f539e3e71dc384/tree_sitter_language_pack-0.8.0-cp39-abi3-manylinux2014_x86_64.whl", hash = "sha256:81aac45ddde6c7e9ac222d0157af03648b1382d4de3af321d1b913af96b796f0", size = 17729371, upload-time = "2025-06-08T13:19:00.421Z" },
    { url = "https://files.pythonhosted.org/packages/19/49/cfe141b0be9e08aeb9e20f3a182e58b7af12a28f46949403005e5483afc6/tree_sitter_language_pack-0.8.0-cp39-abi3-win_amd64.whl", hash = "sha256:e870a3cc067352b249393e887710dae4918c6454f7fd41e43108f3621a5f41f8", size = 14552212, upload-time = "2025-06-08T13:19:03.119Z" },
]

[[package]]
name = "tree-sitter-yaml"
version = "0.7.1"
source = { registry = "https://pypi.org/simple" }
sdist = { url = "https://files.pythonhosted.org/packages/0b/d0/97899f366e3d982ad92dd83faa2b1dd0060e5db99990e0d7f660902493f8/tree_sitter_yaml-0.7.1.tar.gz", hash = "sha256:2cea5f8d4ca4d10439bd7d9e458c61b330cb33cf7a92e4ef1d428e10e1ab7e2c", size = 91533, upload-time = "2025-05-22T13:34:57.257Z" }
wheels = [
    { url = "https://files.pythonhosted.org/packages/3f/7e/83a40de4315b8f9975d3fd562071bda8fa1dfc088b3359d048003f174fd0/tree_sitter_yaml-0.7.1-cp310-abi3-macosx_10_9_x86_64.whl", hash = "sha256:0256632914d6eb21819f21a85bab649505496ac01fac940eb08a410669346822", size = 43788, upload-time = "2025-05-22T13:34:49.261Z" },
    { url = "https://files.pythonhosted.org/packages/ca/05/760b38e31f9ca1e8667cf82a07119956dcb865728f7d777a22f5ddf296c6/tree_sitter_yaml-0.7.1-cp310-abi3-macosx_11_0_arm64.whl", hash = "sha256:bf9dd2649392e1f28a20f920f49acd9398cfb872876e338aa84562f8f868dc4d", size = 45001, upload-time = "2025-05-22T13:34:50.397Z" },
    { url = "https://files.pythonhosted.org/packages/88/e9/6d8d502eeb96fb363c1ac926ac456afc55019836fc675263fd23754dfdc6/tree_sitter_yaml-0.7.1-cp310-abi3-manylinux_2_17_aarch64.manylinux2014_aarch64.whl", hash = "sha256:94eb8fcb1ac8e43f7da47e63880b6f283524460153f08420a167c1721e42b08a", size = 93852, upload-time = "2025-05-22T13:34:51.728Z" },
    { url = "https://files.pythonhosted.org/packages/85/ef/b84bc6aaaa08022b4cc1d36212e837ce051306d50dd62993ffc21c9bf4ab/tree_sitter_yaml-0.7.1-cp310-abi3-manylinux_2_5_x86_64.manylinux1_x86_64.manylinux_2_17_x86_64.manylinux2014_x86_64.whl", hash = "sha256:30410089828ebdece9abf3aa16b2e172b84cf2fd90a2b7d8022f6ed8cde90ecb", size = 92125, upload-time = "2025-05-22T13:34:52.731Z" },
    { url = "https://files.pythonhosted.org/packages/16/0c/5caa26da012c93da1eadf66c6babb1b1e2e8dd4434668c7232739df87e46/tree_sitter_yaml-0.7.1-cp310-abi3-musllinux_1_2_x86_64.whl", hash = "sha256:219af34f4b35b5c16f25426cc3f90cf725fbba17c9592f78504086e67787be09", size = 90443, upload-time = "2025-05-22T13:34:53.626Z" },
    { url = "https://files.pythonhosted.org/packages/92/25/a14297ea2a575bc3c19fcf58a5983a926ad732c32af23a346d7fa0563d8d/tree_sitter_yaml-0.7.1-cp310-abi3-win_amd64.whl", hash = "sha256:550645223d68b7d6b4cfedf4972754724e64d369ec321fa33f57d3ca54cafc7c", size = 45517, upload-time = "2025-05-22T13:34:54.545Z" },
    { url = "https://files.pythonhosted.org/packages/62/fa/b25e688df5b4e024bc3627bc3f951524ef9c8b0756f0646411efa5063a10/tree_sitter_yaml-0.7.1-cp310-abi3-win_arm64.whl", hash = "sha256:298ade69ad61f76bb3e50ced809650ec30521a51aa2708166b176419ccb0a6ba", size = 43801, upload-time = "2025-05-22T13:34:55.471Z" },
]

[[package]]
name = "vuln-example"
version = "0.1.0"
source = { virtual = "." }
dependencies = [
    { name = "gitpython" },
    { name = "tree-sitter-language-pack" },
]

[package.metadata]
requires-dist = [
    { name = "gitpython", specifier = ">=3.1.44" },
    { name = "tree-sitter-language-pack", specifier = ">=0.8.0" },
]
